
Microsoft Visual Studio Solution File, Format Version 9.00
# Visual Studio 2005
Project("{8BC9CEB8-8B4A-11D0-8D11-00A0C91BC942}") = "phAPI", "phAPI\phAPI.vcproj", "{0609C579-EEA3-4DE0-9503-4DDD964D3A49}"
	ProjectSection(ProjectDependencies) = postProject
		{875F0014-C6F1-466A-B79C-03C9C3F24DAC} = {875F0014-C6F1-466A-B79C-03C9C3F24DAC}
		{20C8E91D-17EE-424D-AC4E-9D1FC622D90C} = {20C8E91D-17EE-424D-AC4E-9D1FC622D90C}
		{7B25251E-6280-4EC3-9CFC-B375C6082E7B} = {7B25251E-6280-4EC3-9CFC-B375C6082E7B}
		{D6F9F525-AC12-4A02-8CBD-4F51F1860A35} = {D6F9F525-AC12-4A02-8CBD-4F51F1860A35}
		{0F057F5A-71A9-4A6C-8E8A-F80B1CB9EA0B} = {0F057F5A-71A9-4A6C-8E8A-F80B1CB9EA0B}
		{F853EF77-B79E-45F7-9EA8-345E9D970AD2} = {F853EF77-B79E-45F7-9EA8-345E9D970AD2}
		{C721897B-F52E-49B8-8E29-FD541358D542} = {C721897B-F52E-49B8-8E29-FD541358D542}
		{9EBF5C7F-BA88-466A-B81C-04A90814E3BA} = {9EBF5C7F-BA88-466A-B81C-04A90814E3BA}
		{77995688-F3AC-4DD3-BF17-F98CE2FB711E} = {77995688-F3AC-4DD3-BF17-F98CE2FB711E}
		{6CE81E8C-5A05-4A35-91FF-8D4BB2F1C99E} = {6CE81E8C-5A05-4A35-91FF-8D4BB2F1C99E}
		{3F2D8BB7-47E4-4588-B377-ACC6E211D6C1} = {3F2D8BB7-47E4-4588-B377-ACC6E211D6C1}
		{EDDB66D5-B46B-4FC8-B74C-3F1F21F55F8A} = {EDDB66D5-B46B-4FC8-B74C-3F1F21F55F8A}
		{3A7A4CE2-F7A8-46C6-92E6-DE7DDA325C36} = {3A7A4CE2-F7A8-46C6-92E6-DE7DDA325C36}
		{278AFCFE-6E01-421A-A609-55E7F29E6AAA} = {278AFCFE-6E01-421A-A609-55E7F29E6AAA}
	EndProjectSection
EndProject
Project("{8BC9CEB8-8B4A-11D0-8D11-00A0C91BC942}") = "osip", "osip\osip.vcproj", "{3F2D8BB7-47E4-4588-B377-ACC6E211D6C1}"
EndProject
Project("{8BC9CEB8-8B4A-11D0-8D11-00A0C91BC942}") = "osipparser", "osipparser\osipparser.vcproj", "{D6F9F525-AC12-4A02-8CBD-4F51F1860A35}"
EndProject
Project("{8BC9CEB8-8B4A-11D0-8D11-00A0C91BC942}") = "eXosip", "eXosip\eXosip.vcproj", "{875F0014-C6F1-466A-B79C-03C9C3F24DAC}"
	ProjectSection(ProjectDependencies) = postProject
		{D6F9F525-AC12-4A02-8CBD-4F51F1860A35} = {D6F9F525-AC12-4A02-8CBD-4F51F1860A35}
		{3F2D8BB7-47E4-4588-B377-ACC6E211D6C1} = {3F2D8BB7-47E4-4588-B377-ACC6E211D6C1}
	EndProjectSection
EndProject
Project("{8BC9CEB8-8B4A-11D0-8D11-00A0C91BC942}") = "ortp", "ortp\ortp.vcproj", "{EDDB66D5-B46B-4FC8-B74C-3F1F21F55F8A}"
EndProject
Project("{8BC9CEB8-8B4A-11D0-8D11-00A0C91BC942}") = "amrnb", "amrnb\amrnb.vcproj", "{F853EF77-B79E-45F7-9EA8-345E9D970AD2}"
EndProject
Project("{8BC9CEB8-8B4A-11D0-8D11-00A0C91BC942}") = "amrwb", "amrwb\amrwb.vcproj", "{278AFCFE-6E01-421A-A609-55E7F29E6AAA}"
EndProject
Project("{8BC9CEB8-8B4A-11D0-8D11-00A0C91BC942}") = "ilbc", "ilbc\ilbc.vcproj", "{3A7A4CE2-F7A8-46C6-92E6-DE7DDA325C36}"
EndProject
Project("{8BC9CEB8-8B4A-11D0-8D11-00A0C91BC942}") = "speex", "speex\speex.vcproj", "{20C8E91D-17EE-424D-AC4E-9D1FC622D90C}"
EndProject
Project("{8BC9CEB8-8B4A-11D0-8D11-00A0C91BC942}") = "svoip", "svoip\svoip.vcproj", "{2C29FBBD-7030-432F-A6A1-7A0973EA4A28}"
EndProject
Project("{8BC9CEB8-8B4A-11D0-8D11-00A0C91BC942}") = "srtp", "srtp\srtp.vcproj", "{920F8423-DB04-444B-A64D-1A13ACDCEF7B}"
EndProject
Project("{8BC9CEB8-8B4A-11D0-8D11-00A0C91BC942}") = "fidlib", "fidlib\fidlib.vcproj", "{9EBF5C7F-BA88-466A-B81C-04A90814E3BA}"
EndProject
Project("{8BC9CEB8-8B4A-11D0-8D11-00A0C91BC942}") = "Netlib", "Netlib\Netlib.vcproj", "{16B755C3-1C59-4732-9790-3C0EE673C15A}"
EndProject
Project("{8BC9CEB8-8B4A-11D0-8D11-00A0C91BC942}") = "gsm", "gsm\gsm.vcproj", "{77995688-F3AC-4DD3-BF17-F98CE2FB711E}"
EndProject
Project("{8BC9CEB8-8B4A-11D0-8D11-00A0C91BC942}") = "msdirent", "msdirent\msdirent.vcproj", "{C721897B-F52E-49B8-8E29-FD541358D542}"
EndProject
Project("{8BC9CEB8-8B4A-11D0-8D11-00A0C91BC942}") = "speexec", "speexec\speexec.vcproj", "{6CE81E8C-5A05-4A35-91FF-8D4BB2F1C99E}"
EndProject
Project("{8BC9CEB8-8B4A-11D0-8D11-00A0C91BC942}") = "timer", "timer\timer.vcproj", "{0F057F5A-71A9-4A6C-8E8A-F80B1CB9EA0B}"
EndProject
Project("{8BC9CEB8-8B4A-11D0-8D11-00A0C91BC942}") = "TestPhPlugin", "..\TestPhPlugin\TestPhPlugin.vcproj", "{24CCE428-7BBB-4180-B6FC-000DC4AF487F}"
EndProject
Project("{8BC9CEB8-8B4A-11D0-8D11-00A0C91BC942}") = "sfp-plugin", "wifo-plugins\sfp-plugin\sfp-plugin.vcproj", "{590B0FF1-0591-4E1F-AF7B-FE2187524D32}"
	ProjectSection(ProjectDependencies) = postProject
		{7B25251E-6280-4EC3-9CFC-B375C6082E7B} = {7B25251E-6280-4EC3-9CFC-B375C6082E7B}
		{0609C579-EEA3-4DE0-9503-4DDD964D3A49} = {0609C579-EEA3-4DE0-9503-4DDD964D3A49}
	EndProjectSection
EndProject
Project("{8BC9CEB8-8B4A-11D0-8D11-00A0C91BC942}") = "phapi-util", "phapi-util\phapi-util.vcproj", "{7B25251E-6280-4EC3-9CFC-B375C6082E7B}"
EndProject
Project("{8BC9CEB8-8B4A-11D0-8D11-00A0C91BC942}") = "WifoTest", "..\WifoTest\PhAPITest.vcproj", "{8C98C3F1-D6D0-4520-A7FE-DE8B2FDCD779}"
EndProject
Project("{8BC9CEB8-8B4A-11D0-8D11-00A0C91BC942}") = "SFPTest", "..\SFPTest\SFPTest.vcproj", "{7A27B15F-111C-4794-89CE-766A733AE9C8}"
EndProject
Global
	GlobalSection(SolutionConfigurationPlatforms) = preSolution
		Debug|Win32 = Debug|Win32
		Release|Win32 = Release|Win32
	EndGlobalSection
	GlobalSection(ProjectConfigurationPlatforms) = postSolution
		{0609C579-EEA3-4DE0-9503-4DDD964D3A49}.Debug|Win32.ActiveCfg = Debug|Win32
		{0609C579-EEA3-4DE0-9503-4DDD964D3A49}.Debug|Win32.Build.0 = Debug|Win32
		{0609C579-EEA3-4DE0-9503-4DDD964D3A49}.Release|Win32.ActiveCfg = Release|Win32
		{0609C579-EEA3-4DE0-9503-4DDD964D3A49}.Release|Win32.Build.0 = Release|Win32
		{3F2D8BB7-47E4-4588-B377-ACC6E211D6C1}.Debug|Win32.ActiveCfg = Debug|Win32
		{3F2D8BB7-47E4-4588-B377-ACC6E211D6C1}.Debug|Win32.Build.0 = Debug|Win32
		{3F2D8BB7-47E4-4588-B377-ACC6E211D6C1}.Release|Win32.ActiveCfg = Release|Win32
		{3F2D8BB7-47E4-4588-B377-ACC6E211D6C1}.Release|Win32.Build.0 = Release|Win32
		{D6F9F525-AC12-4A02-8CBD-4F51F1860A35}.Debug|Win32.ActiveCfg = Debug|Win32
		{D6F9F525-AC12-4A02-8CBD-4F51F1860A35}.Debug|Win32.Build.0 = Debug|Win32
		{D6F9F525-AC12-4A02-8CBD-4F51F1860A35}.Release|Win32.ActiveCfg = Release|Win32
		{D6F9F525-AC12-4A02-8CBD-4F51F1860A35}.Release|Win32.Build.0 = Release|Win32
		{875F0014-C6F1-466A-B79C-03C9C3F24DAC}.Debug|Win32.ActiveCfg = Debug|Win32
		{875F0014-C6F1-466A-B79C-03C9C3F24DAC}.Debug|Win32.Build.0 = Debug|Win32
		{875F0014-C6F1-466A-B79C-03C9C3F24DAC}.Release|Win32.ActiveCfg = Release|Win32
		{875F0014-C6F1-466A-B79C-03C9C3F24DAC}.Release|Win32.Build.0 = Release|Win32
		{EDDB66D5-B46B-4FC8-B74C-3F1F21F55F8A}.Debug|Win32.ActiveCfg = Debug|Win32
		{EDDB66D5-B46B-4FC8-B74C-3F1F21F55F8A}.Debug|Win32.Build.0 = Debug|Win32
		{EDDB66D5-B46B-4FC8-B74C-3F1F21F55F8A}.Release|Win32.ActiveCfg = Release|Win32
		{EDDB66D5-B46B-4FC8-B74C-3F1F21F55F8A}.Release|Win32.Build.0 = Release|Win32
		{F853EF77-B79E-45F7-9EA8-345E9D970AD2}.Debug|Win32.ActiveCfg = Debug|Win32
		{F853EF77-B79E-45F7-9EA8-345E9D970AD2}.Debug|Win32.Build.0 = Debug|Win32
		{F853EF77-B79E-45F7-9EA8-345E9D970AD2}.Release|Win32.ActiveCfg = Release|Win32
		{F853EF77-B79E-45F7-9EA8-345E9D970AD2}.Release|Win32.Build.0 = Release|Win32
		{278AFCFE-6E01-421A-A609-55E7F29E6AAA}.Debug|Win32.ActiveCfg = Debug|Win32
		{278AFCFE-6E01-421A-A609-55E7F29E6AAA}.Debug|Win32.Build.0 = Debug|Win32
		{278AFCFE-6E01-421A-A609-55E7F29E6AAA}.Release|Win32.ActiveCfg = Release|Win32
		{278AFCFE-6E01-421A-A609-55E7F29E6AAA}.Release|Win32.Build.0 = Release|Win32
		{3A7A4CE2-F7A8-46C6-92E6-DE7DDA325C36}.Debug|Win32.ActiveCfg = Debug|Win32
		{3A7A4CE2-F7A8-46C6-92E6-DE7DDA325C36}.Debug|Win32.Build.0 = Debug|Win32
		{3A7A4CE2-F7A8-46C6-92E6-DE7DDA325C36}.Release|Win32.ActiveCfg = Release|Win32
		{3A7A4CE2-F7A8-46C6-92E6-DE7DDA325C36}.Release|Win32.Build.0 = Release|Win32
		{20C8E91D-17EE-424D-AC4E-9D1FC622D90C}.Debug|Win32.ActiveCfg = Debug|Win32
		{20C8E91D-17EE-424D-AC4E-9D1FC622D90C}.Debug|Win32.Build.0 = Debug|Win32
		{20C8E91D-17EE-424D-AC4E-9D1FC622D90C}.Release|Win32.ActiveCfg = Release|Win32
		{20C8E91D-17EE-424D-AC4E-9D1FC622D90C}.Release|Win32.Build.0 = Release|Win32
		{2C29FBBD-7030-432F-A6A1-7A0973EA4A28}.Debug|Win32.ActiveCfg = Debug|Win32
		{2C29FBBD-7030-432F-A6A1-7A0973EA4A28}.Debug|Win32.Build.0 = Debug|Win32
		{2C29FBBD-7030-432F-A6A1-7A0973EA4A28}.Release|Win32.ActiveCfg = Release|Win32
		{2C29FBBD-7030-432F-A6A1-7A0973EA4A28}.Release|Win32.Build.0 = Release|Win32
		{920F8423-DB04-444B-A64D-1A13ACDCEF7B}.Debug|Win32.ActiveCfg = Debug|Win32
		{920F8423-DB04-444B-A64D-1A13ACDCEF7B}.Debug|Win32.Build.0 = Debug|Win32
		{920F8423-DB04-444B-A64D-1A13ACDCEF7B}.Release|Win32.ActiveCfg = Release|Win32
		{920F8423-DB04-444B-A64D-1A13ACDCEF7B}.Release|Win32.Build.0 = Release|Win32
		{9EBF5C7F-BA88-466A-B81C-04A90814E3BA}.Debug|Win32.ActiveCfg = Debug|Win32
		{9EBF5C7F-BA88-466A-B81C-04A90814E3BA}.Debug|Win32.Build.0 = Debug|Win32
		{9EBF5C7F-BA88-466A-B81C-04A90814E3BA}.Release|Win32.ActiveCfg = Release|Win32
		{9EBF5C7F-BA88-466A-B81C-04A90814E3BA}.Release|Win32.Build.0 = Release|Win32
		{16B755C3-1C59-4732-9790-3C0EE673C15A}.Debug|Win32.ActiveCfg = Debug|Win32
		{16B755C3-1C59-4732-9790-3C0EE673C15A}.Debug|Win32.Build.0 = Debug|Win32
		{16B755C3-1C59-4732-9790-3C0EE673C15A}.Release|Win32.ActiveCfg = Release|Win32
		{16B755C3-1C59-4732-9790-3C0EE673C15A}.Release|Win32.Build.0 = Release|Win32
		{77995688-F3AC-4DD3-BF17-F98CE2FB711E}.Debug|Win32.ActiveCfg = Debug|Win32
		{77995688-F3AC-4DD3-BF17-F98CE2FB711E}.Debug|Win32.Build.0 = Debug|Win32
		{77995688-F3AC-4DD3-BF17-F98CE2FB711E}.Release|Win32.ActiveCfg = Release|Win32
		{77995688-F3AC-4DD3-BF17-F98CE2FB711E}.Release|Win32.Build.0 = Release|Win32
		{C721897B-F52E-49B8-8E29-FD541358D542}.Debug|Win32.ActiveCfg = Debug|Win32
		{C721897B-F52E-49B8-8E29-FD541358D542}.Debug|Win32.Build.0 = Debug|Win32
		{C721897B-F52E-49B8-8E29-FD541358D542}.Release|Win32.ActiveCfg = Release|Win32
		{C721897B-F52E-49B8-8E29-FD541358D542}.Release|Win32.Build.0 = Release|Win32
		{6CE81E8C-5A05-4A35-91FF-8D4BB2F1C99E}.Debug|Win32.ActiveCfg = Debug|Win32
		{6CE81E8C-5A05-4A35-91FF-8D4BB2F1C99E}.Debug|Win32.Build.0 = Debug|Win32
		{6CE81E8C-5A05-4A35-91FF-8D4BB2F1C99E}.Release|Win32.ActiveCfg = Release|Win32
		{6CE81E8C-5A05-4A35-91FF-8D4BB2F1C99E}.Release|Win32.Build.0 = Release|Win32
		{0F057F5A-71A9-4A6C-8E8A-F80B1CB9EA0B}.Debug|Win32.ActiveCfg = Debug|Win32
		{0F057F5A-71A9-4A6C-8E8A-F80B1CB9EA0B}.Debug|Win32.Build.0 = Debug|Win32
		{0F057F5A-71A9-4A6C-8E8A-F80B1CB9EA0B}.Release|Win32.ActiveCfg = Release|Win32
		{0F057F5A-71A9-4A6C-8E8A-F80B1CB9EA0B}.Release|Win32.Build.0 = Release|Win32
		{24CCE428-7BBB-4180-B6FC-000DC4AF487F}.Debug|Win32.ActiveCfg = Debug|Win32
		{24CCE428-7BBB-4180-B6FC-000DC4AF487F}.Debug|Win32.Build.0 = Debug|Win32
		{24CCE428-7BBB-4180-B6FC-000DC4AF487F}.Release|Win32.ActiveCfg = Release|Win32
		{24CCE428-7BBB-4180-B6FC-000DC4AF487F}.Release|Win32.Build.0 = Release|Win32
		{590B0FF1-0591-4E1F-AF7B-FE2187524D32}.Debug|Win32.ActiveCfg = Debug|Win32
		{590B0FF1-0591-4E1F-AF7B-FE2187524D32}.Debug|Win32.Build.0 = Debug|Win32
		{590B0FF1-0591-4E1F-AF7B-FE2187524D32}.Release|Win32.ActiveCfg = Release|Win32
		{590B0FF1-0591-4E1F-AF7B-FE2187524D32}.Release|Win32.Build.0 = Release|Win32
		{7B25251E-6280-4EC3-9CFC-B375C6082E7B}.Debug|Win32.ActiveCfg = Debug|Win32
		{7B25251E-6280-4EC3-9CFC-B375C6082E7B}.Debug|Win32.Build.0 = Debug|Win32
		{7B25251E-6280-4EC3-9CFC-B375C6082E7B}.Release|Win32.ActiveCfg = Release|Win32
		{7B25251E-6280-4EC3-9CFC-B375C6082E7B}.Release|Win32.Build.0 = Release|Win32
		{8C98C3F1-D6D0-4520-A7FE-DE8B2FDCD779}.Debug|Win32.ActiveCfg = Debug|Win32
		{8C98C3F1-D6D0-4520-A7FE-DE8B2FDCD779}.Debug|Win32.Build.0 = Debug|Win32
		{8C98C3F1-D6D0-4520-A7FE-DE8B2FDCD779}.Release|Win32.ActiveCfg = Release|Win32
		{8C98C3F1-D6D0-4520-A7FE-DE8B2FDCD779}.Release|Win32.Build.0 = Release|Win32
		{7A27B15F-111C-4794-89CE-766A733AE9C8}.Debug|Win32.ActiveCfg = Debug|Win32
		{7A27B15F-111C-4794-89CE-766A733AE9C8}.Debug|Win32.Build.0 = Debug|Win32
		{7A27B15F-111C-4794-89CE-766A733AE9C8}.Release|Win32.ActiveCfg = Release|Win32
		{7A27B15F-111C-4794-89CE-766A733AE9C8}.Release|Win32.Build.0 = Release|Win32
	EndGlobalSection
	GlobalSection(SolutionProperties) = preSolution
		HideSolutionNode = FALSE
	EndGlobalSection
EndGlobal
